// !$*UTF8*$!
{
	archiveVersion = 1;
	classes = {
	};
	objectVersion = 46;
	objects = {

/* Begin PBXBuildFile section */
		987C69E21E72532700B28199 /* BilibiliAPI.h in Headers */ = {isa = PBXBuildFile; fileRef = 987C69D41E72532700B28199 /* BilibiliAPI.h */; settings = {ATTRIBUTES = (Public, ); }; };
		DF78588C1EF1117C00FF232F /* User.swift in Sources */ = {isa = PBXBuildFile; fileRef = DF78588B1EF1117C00FF232F /* User.swift */; };
		DF8A13E41F15280300AAD201 /* Extensions.swift in Sources */ = {isa = PBXBuildFile; fileRef = DF8A13E31F15280300AAD201 /* Extensions.swift */; };
		DF8A13E51F1528B100AAD201 /* Decoder.swift in Sources */ = {isa = PBXBuildFile; fileRef = DF9CD6EC1F1527AA00704C2D /* Decoder.swift */; };
		DF9CD6EA1F1522B200704C2D /* BilibiliVideoAPI.swift in Sources */ = {isa = PBXBuildFile; fileRef = DF9CD6E91F1522B200704C2D /* BilibiliVideoAPI.swift */; };
		DFBC910F1F15483F005262AF /* Season.swift in Sources */ = {isa = PBXBuildFile; fileRef = DFBC910E1F15483F005262AF /* Season.swift */; };
		DFBC91111F154860005262AF /* Episode.swift in Sources */ = {isa = PBXBuildFile; fileRef = DFBC91101F154860005262AF /* Episode.swift */; };
		DFBC91661F168D32005262AF /* BilibiliException.h in Headers */ = {isa = PBXBuildFile; fileRef = DF0FBDA41F0653F3007F7615 /* BilibiliException.h */; settings = {ATTRIBUTES = (Public, ); }; };
		DFBC91861F191736005262AF /* Alamofire.framework in Frameworks */ = {isa = PBXBuildFile; fileRef = DFBC91851F191731005262AF /* Alamofire.framework */; };
		DFBCA12F1F154228007E4A08 /* Video.swift in Sources */ = {isa = PBXBuildFile; fileRef = DFBCA12E1F154228007E4A08 /* Video.swift */; };
		DFF402641F065D9700E48F92 /* BilibiliAuth.swift in Sources */ = {isa = PBXBuildFile; fileRef = DF0FBDA31F0653F3007F7615 /* BilibiliAuth.swift */; };
		DFF402661F065D9700E48F92 /* BilibiliRequest.swift in Sources */ = {isa = PBXBuildFile; fileRef = DF0FBDA51F0653F3007F7615 /* BilibiliRequest.swift */; };
		DFF402671F065D9700E48F92 /* BilibiliResponse.swift in Sources */ = {isa = PBXBuildFile; fileRef = DF0FBDA61F0653F3007F7615 /* BilibiliResponse.swift */; };
		DFF402681F065D9700E48F92 /* BilibiliURL.swift in Sources */ = {isa = PBXBuildFile; fileRef = DF0FBDA71F0653F3007F7615 /* BilibiliURL.swift */; };
		DFF402691F065D9D00E48F92 /* BilibiliAppAPI.swift in Sources */ = {isa = PBXBuildFile; fileRef = DF0FBD9E1F0653F3007F7615 /* BilibiliAppAPI.swift */; };
		DFF4026A1F065D9D00E48F92 /* BilibiliUserAPI.swift in Sources */ = {isa = PBXBuildFile; fileRef = DF0FBDA11F0653F3007F7615 /* BilibiliUserAPI.swift */; };
		DFF4026B1F065DA500E48F92 /* BilibiliAPI.swift in Sources */ = {isa = PBXBuildFile; fileRef = DF0FBD9A1F0653F3007F7615 /* BilibiliAPI.swift */; };
/* End PBXBuildFile section */

/* Begin PBXFileReference section */
		987C69D11E72532700B28199 /* BilibiliAPI.framework */ = {isa = PBXFileReference; explicitFileType = wrapper.framework; includeInIndex = 0; path = BilibiliAPI.framework; sourceTree = BUILT_PRODUCTS_DIR; };
		987C69D41E72532700B28199 /* BilibiliAPI.h */ = {isa = PBXFileReference; lastKnownFileType = sourcecode.c.h; path = BilibiliAPI.h; sourceTree = "<group>"; };
		987C69D51E72532700B28199 /* Info.plist */ = {isa = PBXFileReference; lastKnownFileType = text.plist.xml; path = Info.plist; sourceTree = "<group>"; };
		DF0FBD9A1F0653F3007F7615 /* BilibiliAPI.swift */ = {isa = PBXFileReference; lastKnownFileType = sourcecode.swift; path = BilibiliAPI.swift; sourceTree = "<group>"; };
		DF0FBD9E1F0653F3007F7615 /* BilibiliAppAPI.swift */ = {isa = PBXFileReference; lastKnownFileType = sourcecode.swift; path = BilibiliAppAPI.swift; sourceTree = "<group>"; };
		DF0FBDA11F0653F3007F7615 /* BilibiliUserAPI.swift */ = {isa = PBXFileReference; lastKnownFileType = sourcecode.swift; path = BilibiliUserAPI.swift; sourceTree = "<group>"; };
		DF0FBDA31F0653F3007F7615 /* BilibiliAuth.swift */ = {isa = PBXFileReference; lastKnownFileType = sourcecode.swift; path = BilibiliAuth.swift; sourceTree = "<group>"; };
		DF0FBDA41F0653F3007F7615 /* BilibiliException.h */ = {isa = PBXFileReference; lastKnownFileType = sourcecode.c.h; path = BilibiliException.h; sourceTree = "<group>"; };
		DF0FBDA51F0653F3007F7615 /* BilibiliRequest.swift */ = {isa = PBXFileReference; lastKnownFileType = sourcecode.swift; path = BilibiliRequest.swift; sourceTree = "<group>"; };
		DF0FBDA61F0653F3007F7615 /* BilibiliResponse.swift */ = {isa = PBXFileReference; lastKnownFileType = sourcecode.swift; path = BilibiliResponse.swift; sourceTree = "<group>"; };
		DF0FBDA71F0653F3007F7615 /* BilibiliURL.swift */ = {isa = PBXFileReference; lastKnownFileType = sourcecode.swift; path = BilibiliURL.swift; sourceTree = "<group>"; };
		DF78588B1EF1117C00FF232F /* User.swift */ = {isa = PBXFileReference; fileEncoding = 4; lastKnownFileType = sourcecode.swift; path = User.swift; sourceTree = "<group>"; };
		DF8A13E31F15280300AAD201 /* Extensions.swift */ = {isa = PBXFileReference; lastKnownFileType = sourcecode.swift; path = Extensions.swift; sourceTree = "<group>"; };
		DF9CD6E91F1522B200704C2D /* BilibiliVideoAPI.swift */ = {isa = PBXFileReference; lastKnownFileType = sourcecode.swift; path = BilibiliVideoAPI.swift; sourceTree = "<group>"; };
		DF9CD6EC1F1527AA00704C2D /* Decoder.swift */ = {isa = PBXFileReference; lastKnownFileType = sourcecode.swift; path = Decoder.swift; sourceTree = "<group>"; };
		DFBC910E1F15483F005262AF /* Season.swift */ = {isa = PBXFileReference; lastKnownFileType = sourcecode.swift; path = Season.swift; sourceTree = "<group>"; };
		DFBC91101F154860005262AF /* Episode.swift */ = {isa = PBXFileReference; lastKnownFileType = sourcecode.swift; path = Episode.swift; sourceTree = "<group>"; };
		DFBC91851F191731005262AF /* Alamofire.framework */ = {isa = PBXFileReference; lastKnownFileType = wrapper.framework; path = Alamofire.framework; sourceTree = "<group>"; };
		DFBCA12E1F154228007E4A08 /* Video.swift */ = {isa = PBXFileReference; lastKnownFileType = sourcecode.swift; path = Video.swift; sourceTree = "<group>"; };
/* End PBXFileReference section */

/* Begin PBXFrameworksBuildPhase section */
		987C69CD1E72532700B28199 /* Frameworks */ = {
			isa = PBXFrameworksBuildPhase;
			buildActionMask = 2147483647;
			files = (
				DFBC91861F191736005262AF /* Alamofire.framework in Frameworks */,
			);
			runOnlyForDeploymentPostprocessing = 0;
		};
/* End PBXFrameworksBuildPhase section */

/* Begin PBXGroup section */
		987C69C71E72532700B28199 = {
			isa = PBXGroup;
			children = (
				987C69D31E72532700B28199 /* BilibiliAPI */,
				DF0FBDF91F0656B3007F7615 /* Frameworks */,
				987C69D21E72532700B28199 /* Products */,
			);
			sourceTree = "<group>";
		};
		987C69D21E72532700B28199 /* Products */ = {
			isa = PBXGroup;
			children = (
				987C69D11E72532700B28199 /* BilibiliAPI.framework */,
			);
			name = Products;
			sourceTree = "<group>";
		};
		987C69D31E72532700B28199 /* BilibiliAPI */ = {
			isa = PBXGroup;
			children = (
				DF0FBD991F0653F3007F7615 /* API */,
				DF7858861EF1108400FF232F /* Model */,
				987C69D41E72532700B28199 /* BilibiliAPI.h */,
				987C69D51E72532700B28199 /* Info.plist */,
			);
			path = BilibiliAPI;
			sourceTree = "<group>";
		};
		DF0FBD991F0653F3007F7615 /* API */ = {
			isa = PBXGroup;
			children = (
				DF0FBD9A1F0653F3007F7615 /* BilibiliAPI.swift */,
				DF0FBD9C1F0653F3007F7615 /* Interface */,
				DF0FBDA21F0653F3007F7615 /* Network */,
				DF9CD6EB1F1527AA00704C2D /* Support */,
			);
			path = API;
			sourceTree = "<group>";
		};
		DF0FBD9C1F0653F3007F7615 /* Interface */ = {
			isa = PBXGroup;
			children = (
				DF0FBD9D1F0653F3007F7615 /* App */,
				DF9CD6E81F15229F00704C2D /* Video */,
				DF0FBD9F1F0653F3007F7615 /* Others */,
				DF0FBDA01F0653F3007F7615 /* User */,
			);
			path = Interface;
			sourceTree = "<group>";
		};
		DF0FBD9D1F0653F3007F7615 /* App */ = {
			isa = PBXGroup;
			children = (
				DF0FBD9E1F0653F3007F7615 /* BilibiliAppAPI.swift */,
			);
			path = App;
			sourceTree = "<group>";
		};
		DF0FBD9F1F0653F3007F7615 /* Others */ = {
			isa = PBXGroup;
			children = (
			);
			path = Others;
			sourceTree = "<group>";
		};
		DF0FBDA01F0653F3007F7615 /* User */ = {
			isa = PBXGroup;
			children = (
				DF0FBDA11F0653F3007F7615 /* BilibiliUserAPI.swift */,
			);
			path = User;
			sourceTree = "<group>";
		};
		DF0FBDA21F0653F3007F7615 /* Network */ = {
			isa = PBXGroup;
			children = (
				DF0FBDA41F0653F3007F7615 /* BilibiliException.h */,
				DF0FBDA31F0653F3007F7615 /* BilibiliAuth.swift */,
				DF0FBDA51F0653F3007F7615 /* BilibiliRequest.swift */,
				DF0FBDA61F0653F3007F7615 /* BilibiliResponse.swift */,
				DF0FBDA71F0653F3007F7615 /* BilibiliURL.swift */,
			);
			path = Network;
			sourceTree = "<group>";
		};
		DF0FBDF91F0656B3007F7615 /* Frameworks */ = {
			isa = PBXGroup;
			children = (
				DFBC91851F191731005262AF /* Alamofire.framework */,
			);
			name = Frameworks;
			path = BilibiliAPI/Frameworks;
			sourceTree = "<group>";
		};
		DF7858861EF1108400FF232F /* Model */ = {
			isa = PBXGroup;
			children = (
				DF78588B1EF1117C00FF232F /* User.swift */,
				DFBC91101F154860005262AF /* Episode.swift */,
				DFBC910E1F15483F005262AF /* Season.swift */,
				DFBCA12E1F154228007E4A08 /* Video.swift */,
			);
			path = Model;
			sourceTree = "<group>";
		};
		DF9CD6E81F15229F00704C2D /* Video */ = {
			isa = PBXGroup;
			children = (
				DF9CD6E91F1522B200704C2D /* BilibiliVideoAPI.swift */,
			);
			path = Video;
			sourceTree = "<group>";
		};
		DF9CD6EB1F1527AA00704C2D /* Support */ = {
			isa = PBXGroup;
			children = (
				DF9CD6EC1F1527AA00704C2D /* Decoder.swift */,
				DF8A13E31F15280300AAD201 /* Extensions.swift */,
			);
			path = Support;
			sourceTree = "<group>";
		};
/* End PBXGroup section */

/* Begin PBXHeadersBuildPhase section */
		987C69CE1E72532700B28199 /* Headers */ = {
			isa = PBXHeadersBuildPhase;
			buildActionMask = 2147483647;
			files = (
				987C69E21E72532700B28199 /* BilibiliAPI.h in Headers */,
				DFBC91661F168D32005262AF /* BilibiliException.h in Headers */,
			);
			runOnlyForDeploymentPostprocessing = 0;
		};
/* End PBXHeadersBuildPhase section */

/* Begin PBXNativeTarget section */
		987C69D01E72532700B28199 /* BilibiliAPI */ = {
			isa = PBXNativeTarget;
			buildConfigurationList = 987C69E51E72532700B28199 /* Build configuration list for PBXNativeTarget "BilibiliAPI" */;
			buildPhases = (
				987C69CC1E72532700B28199 /* Sources */,
				987C69CD1E72532700B28199 /* Frameworks */,
				987C69CE1E72532700B28199 /* Headers */,
				987C69CF1E72532700B28199 /* Resources */,
			);
			buildRules = (
			);
			dependencies = (
			);
			name = BilibiliAPI;
			productName = BilibiliAPI;
			productReference = 987C69D11E72532700B28199 /* BilibiliAPI.framework */;
			productType = "com.apple.product-type.framework";
		};
/* End PBXNativeTarget section */

/* Begin PBXProject section */
		987C69C81E72532700B28199 /* Project object */ = {
			isa = PBXProject;
			attributes = {
				LastSwiftUpdateCheck = 0830;
				LastUpgradeCheck = 0900;
				ORGANIZATIONNAME = YaeSakura;
				TargetAttributes = {
					987C69D01E72532700B28199 = {
						CreatedOnToolsVersion = 8.2.1;
						DevelopmentTeam = V667438P6G;
						LastSwiftMigration = 0900;
						ProvisioningStyle = Automatic;
					};
				};
			};
			buildConfigurationList = 987C69CB1E72532700B28199 /* Build configuration list for PBXProject "BilibiliAPI" */;
			compatibilityVersion = "Xcode 3.2";
			developmentRegion = English;
			hasScannedForEncodings = 0;
			knownRegions = (
				en,
			);
			mainGroup = 987C69C71E72532700B28199;
			productRefGroup = 987C69D21E72532700B28199 /* Products */;
			projectDirPath = "";
			projectRoot = "";
			targets = (
				987C69D01E72532700B28199 /* BilibiliAPI */,
			);
		};
/* End PBXProject section */

/* Begin PBXResourcesBuildPhase section */
		987C69CF1E72532700B28199 /* Resources */ = {
			isa = PBXResourcesBuildPhase;
			buildActionMask = 2147483647;
			files = (
			);
			runOnlyForDeploymentPostprocessing = 0;
		};
/* End PBXResourcesBuildPhase section */

/* Begin PBXSourcesBuildPhase section */
		987C69CC1E72532700B28199 /* Sources */ = {
			isa = PBXSourcesBuildPhase;
			buildActionMask = 2147483647;
			files = (
				DFBC91111F154860005262AF /* Episode.swift in Sources */,
				DFF402661F065D9700E48F92 /* BilibiliRequest.swift in Sources */,
				DF9CD6EA1F1522B200704C2D /* BilibiliVideoAPI.swift in Sources */,
				DFF402691F065D9D00E48F92 /* BilibiliAppAPI.swift in Sources */,
				DFF4026B1F065DA500E48F92 /* BilibiliAPI.swift in Sources */,
				DFF4026A1F065D9D00E48F92 /* BilibiliUserAPI.swift in Sources */,
				DFBC910F1F15483F005262AF /* Season.swift in Sources */,
				DF8A13E41F15280300AAD201 /* Extensions.swift in Sources */,
				DF78588C1EF1117C00FF232F /* User.swift in Sources */,
				DFF402671F065D9700E48F92 /* BilibiliResponse.swift in Sources */,
				DFF402681F065D9700E48F92 /* BilibiliURL.swift in Sources */,
				DFF402641F065D9700E48F92 /* BilibiliAuth.swift in Sources */,
				DF8A13E51F1528B100AAD201 /* Decoder.swift in Sources */,
				DFBCA12F1F154228007E4A08 /* Video.swift in Sources */,
			);
			runOnlyForDeploymentPostprocessing = 0;
		};
/* End PBXSourcesBuildPhase section */

/* Begin XCBuildConfiguration section */
		987C69E31E72532700B28199 /* Debug */ = {
			isa = XCBuildConfiguration;
			buildSettings = {
				ALWAYS_SEARCH_USER_PATHS = NO;
				CLANG_ANALYZER_NONNULL = YES;
				CLANG_CXX_LANGUAGE_STANDARD = "gnu++0x";
				CLANG_CXX_LIBRARY = "libc++";
				CLANG_ENABLE_MODULES = YES;
				CLANG_ENABLE_OBJC_ARC = YES;
				CLANG_WARN_BLOCK_CAPTURE_AUTORELEASING = YES;
				CLANG_WARN_BOOL_CONVERSION = YES;
				CLANG_WARN_COMMA = YES;
				CLANG_WARN_CONSTANT_CONVERSION = YES;
				CLANG_WARN_DIRECT_OBJC_ISA_USAGE = YES_ERROR;
				CLANG_WARN_DOCUMENTATION_COMMENTS = YES;
				CLANG_WARN_EMPTY_BODY = YES;
				CLANG_WARN_ENUM_CONVERSION = YES;
				CLANG_WARN_INFINITE_RECURSION = YES;
				CLANG_WARN_INT_CONVERSION = YES;
				CLANG_WARN_NON_LITERAL_NULL_CONVERSION = YES;
				CLANG_WARN_OBJC_LITERAL_CONVERSION = YES;
				CLANG_WARN_OBJC_ROOT_CLASS = YES_ERROR;
				CLANG_WARN_RANGE_LOOP_ANALYSIS = YES;
				CLANG_WARN_STRICT_PROTOTYPES = YES;
				CLANG_WARN_SUSPICIOUS_MOVE = YES;
				CLANG_WARN_UNREACHABLE_CODE = YES;
				CLANG_WARN__DUPLICATE_METHOD_MATCH = YES;
				"CODE_SIGN_IDENTITY[sdk=iphoneos*]" = "iPhone Developer";
				COPY_PHASE_STRIP = NO;
				CURRENT_PROJECT_VERSION = 1;
				DEBUG_INFORMATION_FORMAT = dwarf;
				ENABLE_STRICT_OBJC_MSGSEND = YES;
				ENABLE_TESTABILITY = YES;
				GCC_C_LANGUAGE_STANDARD = gnu99;
				GCC_DYNAMIC_NO_PIC = NO;
				GCC_NO_COMMON_BLOCKS = YES;
				GCC_OPTIMIZATION_LEVEL = 0;
				GCC_PREPROCESSOR_DEFINITIONS = (
					"DEBUG=1",
					"$(inherited)",
				);
				GCC_WARN_64_TO_32_BIT_CONVERSION = YES;
				GCC_WARN_ABOUT_RETURN_TYPE = YES_ERROR;
				GCC_WARN_UNDECLARED_SELECTOR = YES;
				GCC_WARN_UNINITIALIZED_AUTOS = YES_AGGRESSIVE;
				GCC_WARN_UNUSED_FUNCTION = YES;
				GCC_WARN_UNUSED_VARIABLE = YES;
				IPHONEOS_DEPLOYMENT_TARGET = 10.2;
				MTL_ENABLE_DEBUG_INFO = YES;
				ONLY_ACTIVE_ARCH = YES;
				SDKROOT = iphoneos;
				SWIFT_ACTIVE_COMPILATION_CONDITIONS = DEBUG;
				SWIFT_OPTIMIZATION_LEVEL = "-Onone";
				TARGETED_DEVICE_FAMILY = "1,2";
				VERSIONING_SYSTEM = "apple-generic";
				VERSION_INFO_PREFIX = "";
			};
			name = Debug;
		};
		987C69E41E72532700B28199 /* Release */ = {
			isa = XCBuildConfiguration;
			buildSettings = {
				ALWAYS_SEARCH_USER_PATHS = NO;
				CLANG_ANALYZER_NONNULL = YES;
				CLANG_CXX_LANGUAGE_STANDARD = "gnu++0x";
				CLANG_CXX_LIBRARY = "libc++";
				CLANG_ENABLE_MODULES = YES;
				CLANG_ENABLE_OBJC_ARC = YES;
				CLANG_WARN_BLOCK_CAPTURE_AUTORELEASING = YES;
				CLANG_WARN_BOOL_CONVERSION = YES;
				CLANG_WARN_COMMA = YES;
				CLANG_WARN_CONSTANT_CONVERSION = YES;
				CLANG_WARN_DIRECT_OBJC_ISA_USAGE = YES_ERROR;
				CLANG_WARN_DOCUMENTATION_COMMENTS = YES;
				CLANG_WARN_EMPTY_BODY = YES;
				CLANG_WARN_ENUM_CONVERSION = YES;
				CLANG_WARN_INFINITE_RECURSION = YES;
				CLANG_WARN_INT_CONVERSION = YES;
				CLANG_WARN_NON_LITERAL_NULL_CONVERSION = YES;
				CLANG_WARN_OBJC_LITERAL_CONVERSION = YES;
				CLANG_WARN_OBJC_ROOT_CLASS = YES_ERROR;
				CLANG_WARN_RANGE_LOOP_ANALYSIS = YES;
				CLANG_WARN_STRICT_PROTOTYPES = YES;
				CLANG_WARN_SUSPICIOUS_MOVE = YES;
				CLANG_WARN_UNREACHABLE_CODE = YES;
				CLANG_WARN__DUPLICATE_METHOD_MATCH = YES;
				"CODE_SIGN_IDENTITY[sdk=iphoneos*]" = "iPhone Developer";
				COPY_PHASE_STRIP = NO;
				CURRENT_PROJECT_VERSION = 1;
				DEBUG_INFORMATION_FORMAT = "dwarf-with-dsym";
				ENABLE_NS_ASSERTIONS = NO;
				ENABLE_STRICT_OBJC_MSGSEND = YES;
				GCC_C_LANGUAGE_STANDARD = gnu99;
				GCC_NO_COMMON_BLOCKS = YES;
				GCC_WARN_64_TO_32_BIT_CONVERSION = YES;
				GCC_WARN_ABOUT_RETURN_TYPE = YES_ERROR;
				GCC_WARN_UNDECLARED_SELECTOR = YES;
				GCC_WARN_UNINITIALIZED_AUTOS = YES_AGGRESSIVE;
				GCC_WARN_UNUSED_FUNCTION = YES;
				GCC_WARN_UNUSED_VARIABLE = YES;
				IPHONEOS_DEPLOYMENT_TARGET = 10.2;
				MTL_ENABLE_DEBUG_INFO = NO;
				SDKROOT = iphoneos;
				SWIFT_OPTIMIZATION_LEVEL = "-Owholemodule";
				TARGETED_DEVICE_FAMILY = "1,2";
				VALIDATE_PRODUCT = YES;
				VERSIONING_SYSTEM = "apple-generic";
				VERSION_INFO_PREFIX = "";
			};
			name = Release;
		};
		987C69E61E72532700B28199 /* Debug */ = {
			isa = XCBuildConfiguration;
			buildSettings = {
				CLANG_ALLOW_NON_MODULAR_INCLUDES_IN_FRAMEWORK_MODULES = YES;
				CLANG_ENABLE_MODULES = YES;
				CODE_SIGN_IDENTITY = "";
				"CODE_SIGN_IDENTITY[sdk=iphoneos*]" = "";
				DEFINES_MODULE = YES;
				DEVELOPMENT_TEAM = V667438P6G;
				DYLIB_COMPATIBILITY_VERSION = 1;
				DYLIB_CURRENT_VERSION = 1;
				DYLIB_INSTALL_NAME_BASE = "@rpath";
				FRAMEWORK_SEARCH_PATHS = (
					"$(inherited)",
					"$(PROJECT_DIR)/BilibiliAPI/Frameworks",
				);
				INFOPLIST_FILE = BilibiliAPI/Info.plist;
				INSTALL_PATH = "$(LOCAL_LIBRARY_DIR)/Frameworks";
				IPHONEOS_DEPLOYMENT_TARGET = 8.0;
				LD_RUNPATH_SEARCH_PATHS = "$(inherited) @executable_path/Frameworks @loader_path/Frameworks";
				PRODUCT_BUNDLE_IDENTIFIER = com.YaeSakura.BilibiliAPI;
				PRODUCT_NAME = "$(TARGET_NAME)";
				SKIP_INSTALL = YES;
				SWIFT_INCLUDE_PATHS = "$(SRCROOT)/Modules";
				SWIFT_OBJC_BRIDGING_HEADER = "";
				SWIFT_OPTIMIZATION_LEVEL = "-Onone";
				SWIFT_SWIFT3_OBJC_INFERENCE = On;
				SWIFT_VERSION = 4.0;
			};
			name = Debug;
		};
		987C69E71E72532700B28199 /* Release */ = {
			isa = XCBuildConfiguration;
			buildSettings = {
				CLANG_ALLOW_NON_MODULAR_INCLUDES_IN_FRAMEWORK_MODULES = YES;
				CLANG_ENABLE_MODULES = YES;
				CODE_SIGN_IDENTITY = "";
				DEFINES_MODULE = YES;
				DEVELOPMENT_TEAM = V667438P6G;
				DYLIB_COMPATIBILITY_VERSION = 1;
				DYLIB_CURRENT_VERSION = 1;
				DYLIB_INSTALL_NAME_BASE = "@rpath";
				FRAMEWORK_SEARCH_PATHS = (
					"$(inherited)",
					"$(PROJECT_DIR)/BilibiliAPI/Frameworks",
				);
				INFOPLIST_FILE = BilibiliAPI/Info.plist;
				INSTALL_PATH = "$(LOCAL_LIBRARY_DIR)/Frameworks";
				IPHONEOS_DEPLOYMENT_TARGET = 8.0;
				LD_RUNPATH_SEARCH_PATHS = "$(inherited) @executable_path/Frameworks @loader_path/Frameworks";
				PRODUCT_BUNDLE_IDENTIFIER = com.YaeSakura.BilibiliAPI;
				PRODUCT_NAME = "$(TARGET_NAME)";
				SKIP_INSTALL = YES;
				SWIFT_INCLUDE_PATHS = "$(SRCROOT)/Modules";
				SWIFT_OBJC_BRIDGING_HEADER = "";
				SWIFT_SWIFT3_OBJC_INFERENCE = On;
				SWIFT_VERSION = 4.0;
			};
			name = Release;
		};
/* End XCBuildConfiguration section */

/* Begin XCConfigurationList section */
		987C69CB1E72532700B28199 /* Build configuration list for PBXProject "BilibiliAPI" */ = {
			isa = XCConfigurationList;
			buildConfigurations = (
				987C69E31E72532700B28199 /* Debug */,
				987C69E41E72532700B28199 /* Release */,
			);
			defaultConfigurationIsVisible = 0;
			defaultConfigurationName = Release;
		};
		987C69E51E72532700B28199 /* Build configuration list for PBXNativeTarget "BilibiliAPI" */ = {
			isa = XCConfigurationList;
			buildConfigurations = (
				987C69E61E72532700B28199 /* Debug */,
				987C69E71E72532700B28199 /* Release */,
			);
			defaultConfigurationIsVisible = 0;
			defaultConfigurationName = Release;
		};
/* End XCConfigurationList section */
	};
	rootObject = 987C69C81E72532700B28199 /* Project object */;
}
